# This file was autogenerated by Stack.
# You should not edit this file by hand.
# For more information, please see the documentation at:
#   https://docs.haskellstack.org/en/stable/topics/lock_files

packages:
- completed:
    hackage: tidal-1.9.5@sha256:ff12d3c0aa1cee372614ba461d5ce1cea3edcfed759a7b7cf65dcd4fbb346050,4315
    pantry-tree:
      sha256: 89998751a1b030e44c5c1590e7bfa08b03f12b8e200fc4457ba0d92648a89cdd
      size: 3366
  original:
    hackage: tidal-1.9.5
snapshots:
- completed:
    sha256: 87da71cb0ae9ee1ea1bf51a8eb9812f39f779be76abc0a3c926defd8afda05d1
    size: 719139
    url: https://raw.githubusercontent.com/commercialhaskell/stackage-snapshots/master/lts/22/28.yaml
  original: lts-22.28
